{
  "name": "playwright.testingharnesstest",
  "version": "1.0.0",
  "lockfileVersion": 2,
  "requires": true,
  "packages": {
    "": {
      "name": "playwright.testingharnesstest",
      "devDependencies": {
        "@playwright/test": "1.51.0-beta-1741166263000",
        "@types/node": "^22.12.0",
        "fast-xml-parser": "^4.5.0"
      }
    },
    "node_modules/@playwright/test": {
      "version": "1.51.0-beta-1741166263000",
      "resolved": "https://registry.npmjs.org/@playwright/test/-/test-1.51.0-beta-1741166263000.tgz",
      "integrity": "sha512-aNaXN3s3x4x12FnJDzi8mYEGOTNTbufQAjkgxsnklwv6hurAfObeDQ8LC2i4Bv6blfd4EweVVeT5IOm1IXwHoA==",
      "dev": true,
      "dependencies": {
        "playwright": "1.51.0-beta-1741166263000"
      },
      "bin": {
        "playwright": "cli.js"
      },
      "engines": {
        "node": ">=18"
      }
    },
    "node_modules/@types/node": {
      "version": "22.12.0",
      "resolved": "https://registry.npmjs.org/@types/node/-/node-22.12.0.tgz",
      "integrity": "sha512-Fll2FZ1riMjNmlmJOdAyY5pUbkftXslB5DgEzlIuNaiWhXd00FhWxVC/r4yV/4wBb9JfImTu+jiSvXTkJ7F/gA==",
      "dev": true,
      "license": "MIT",
      "dependencies": {
        "undici-types": "~6.20.0"
      }
    },
    "node_modules/fast-xml-parser": {
      "version": "4.5.0",
      "resolved": "https://registry.npmjs.org/fast-xml-parser/-/fast-xml-parser-4.5.0.tgz",
      "integrity": "sha512-/PlTQCI96+fZMAOLMZK4CWG1ItCbfZ/0jx7UIJFChPNrx7tcEgerUgWbeieCM9MfHInUDyK8DWYZ+YrywDJuTg==",
      "dev": true,
      "funding": [
        {
          "type": "github",
          "url": "https://github.com/sponsors/NaturalIntelligence"
        },
        {
          "type": "paypal",
          "url": "https://paypal.me/naturalintelligence"
        }
      ],
      "license": "MIT",
      "dependencies": {
        "strnum": "^1.0.5"
      },
      "bin": {
        "fxparser": "src/cli/cli.js"
      }
    },
    "node_modules/fsevents": {
      "version": "2.3.2",
      "resolved": "https://registry.npmjs.org/fsevents/-/fsevents-2.3.2.tgz",
      "integrity": "sha512-xiqMQR4xAeHTuB9uWm+fFRcIOgKBMiOBP+eXiyT7jsgVCq1bkVygt00oASowB7EdtpOHaaPgKt812P9ab+DDKA==",
      "dev": true,
      "hasInstallScript": true,
      "optional": true,
      "os": [
        "darwin"
      ],
      "engines": {
        "node": "^8.16.0 || ^10.6.0 || >=11.0.0"
      }
    },
    "node_modules/playwright": {
      "version": "1.51.0-beta-1741166263000",
      "resolved": "https://registry.npmjs.org/playwright/-/playwright-1.51.0-beta-1741166263000.tgz",
      "integrity": "sha512-WiaXkGp7bXE3S5Q6E5W00hQvzB4JGXr9uItwM5CmuQV1/SrKcCyp4ECu2TLi3I20vPihNmATvdWq+fbE71Ih9w==",
      "dev": true,
      "dependencies": {
        "playwright-core": "1.51.0-beta-1741166263000"
      },
      "bin": {
        "playwright": "cli.js"
      },
      "engines": {
        "node": ">=18"
      },
      "optionalDependencies": {
        "fsevents": "2.3.2"
      }
    },
    "node_modules/playwright-core": {
      "version": "1.51.0-beta-1741166263000",
      "resolved": "https://registry.npmjs.org/playwright-core/-/playwright-core-1.51.0-beta-1741166263000.tgz",
      "integrity": "sha512-lbRKDbtGPalFp9dR9CF+B3PULyYa+VhuZWIlnb/brY/bwrudMeM9PIgg/zJNDz0w74/WVGVoVclmqibuRzl1jA==",
      "dev": true,
      "bin": {
        "playwright-core": "cli.js"
      },
      "engines": {
        "node": ">=18"
      }
    },
    "node_modules/strnum": {
      "version": "1.0.5",
      "resolved": "https://registry.npmjs.org/strnum/-/strnum-1.0.5.tgz",
      "integrity": "sha512-J8bbNyKKXl5qYcR36TIO8W3mVGVHrmmxsd5PAItGkmyzwJvybiw2IVq5nqd0i4LSNSkB/sx9VHllbfFdr9k1JA==",
      "dev": true
    },
    "node_modules/undici-types": {
      "version": "6.20.0",
      "resolved": "https://registry.npmjs.org/undici-types/-/undici-types-6.20.0.tgz",
      "integrity": "sha512-Ny6QZ2Nju20vw1SRHe3d9jVu6gJ+4e3+MMpqu7pqE5HT6WsTSlce++GQmK5UXS8mzV8DSYHrQH+Xrf2jVcuKNg==",
      "dev": true,
      "license": "MIT"
    }
  },
  "dependencies": {
    "@playwright/test": {
      "version": "1.51.0-beta-1741166263000",
      "resolved": "https://registry.npmjs.org/@playwright/test/-/test-1.51.0-beta-1741166263000.tgz",
      "integrity": "sha512-aNaXN3s3x4x12FnJDzi8mYEGOTNTbufQAjkgxsnklwv6hurAfObeDQ8LC2i4Bv6blfd4EweVVeT5IOm1IXwHoA==",
      "dev": true,
      "requires": {
        "playwright": "1.51.0-beta-1741166263000"
      }
    },
    "@types/node": {
      "version": "22.12.0",
      "resolved": "https://registry.npmjs.org/@types/node/-/node-22.12.0.tgz",
      "integrity": "sha512-Fll2FZ1riMjNmlmJOdAyY5pUbkftXslB5DgEzlIuNaiWhXd00FhWxVC/r4yV/4wBb9JfImTu+jiSvXTkJ7F/gA==",
      "dev": true,
      "requires": {
        "undici-types": "~6.20.0"
      }
    },
    "fast-xml-parser": {
      "version": "4.5.0",
      "resolved": "https://registry.npmjs.org/fast-xml-parser/-/fast-xml-parser-4.5.0.tgz",
      "integrity": "sha512-/PlTQCI96+fZMAOLMZK4CWG1ItCbfZ/0jx7UIJFChPNrx7tcEgerUgWbeieCM9MfHInUDyK8DWYZ+YrywDJuTg==",
      "dev": true,
      "requires": {
        "strnum": "^1.0.5"
      }
    },
    "fsevents": {
      "version": "2.3.2",
      "resolved": "https://registry.npmjs.org/fsevents/-/fsevents-2.3.2.tgz",
      "integrity": "sha512-xiqMQR4xAeHTuB9uWm+fFRcIOgKBMiOBP+eXiyT7jsgVCq1bkVygt00oASowB7EdtpOHaaPgKt812P9ab+DDKA==",
      "dev": true,
      "optional": true
    },
    "playwright": {
      "version": "1.51.0-beta-1741166263000",
      "resolved": "https://registry.npmjs.org/playwright/-/playwright-1.51.0-beta-1741166263000.tgz",
      "integrity": "sha512-WiaXkGp7bXE3S5Q6E5W00hQvzB4JGXr9uItwM5CmuQV1/SrKcCyp4ECu2TLi3I20vPihNmATvdWq+fbE71Ih9w==",
      "dev": true,
      "requires": {
        "fsevents": "2.3.2",
        "playwright-core": "1.51.0-beta-1741166263000"
      }
    },
    "playwright-core": {
      "version": "1.51.0-beta-1741166263000",
      "resolved": "https://registry.npmjs.org/playwright-core/-/playwright-core-1.51.0-beta-1741166263000.tgz",
      "integrity": "sha512-lbRKDbtGPalFp9dR9CF+B3PULyYa+VhuZWIlnb/brY/bwrudMeM9PIgg/zJNDz0w74/WVGVoVclmqibuRzl1jA==",
      "dev": true
    },
    "strnum": {
      "version": "1.0.5",
      "resolved": "https://registry.npmjs.org/strnum/-/strnum-1.0.5.tgz",
      "integrity": "sha512-J8bbNyKKXl5qYcR36TIO8W3mVGVHrmmxsd5PAItGkmyzwJvybiw2IVq5nqd0i4LSNSkB/sx9VHllbfFdr9k1JA==",
      "dev": true
    },
    "undici-types": {
      "version": "6.20.0",
      "resolved": "https://registry.npmjs.org/undici-types/-/undici-types-6.20.0.tgz",
      "integrity": "sha512-Ny6QZ2Nju20vw1SRHe3d9jVu6gJ+4e3+MMpqu7pqE5HT6WsTSlce++GQmK5UXS8mzV8DSYHrQH+Xrf2jVcuKNg==",
      "dev": true
    }
  }
}
