
Microsoft Visual Studio Solution File, Format Version 12.00
# Visual Studio Version 16
VisualStudioVersion = 16.0.31205.134
MinimumVisualStudioVersion = 10.0.40219.1
Project("{9A19103F-16F7-4668-BE54-9A1E7A4F7556}") = "Playwright.LocalNugetTest", "Playwright.LocalNugetTest.csproj", "{A4AEC544-D521-4CD4-9A8F-F6926DEFC233}"
EndProject
Project("{2150E333-8FDC-42A3-9474-1A3956D46DE8}") = "Solution Items", "Solution Items", "{4611591F-E17F-4601-89AC-F4D9BE665940}"
	ProjectSection(SolutionItems) = preProject
		NuGet.Config = NuGet.Config
	EndProjectSection
EndProject
Global
	GlobalSection(SolutionConfigurationPlatforms) = preSolution
		Debug|Any CPU = Debug|Any CPU
		Release|Any CPU = Release|Any CPU
	EndGlobalSection
	GlobalSection(ProjectConfigurationPlatforms) = postSolution
		{A4AEC544-D521-4CD4-9A8F-F6926DEFC233}.Debug|Any CPU.ActiveCfg = Debug|Any CPU
		{A4AEC544-D521-4CD4-9A8F-F6926DEFC233}.Debug|Any CPU.Build.0 = Debug|Any CPU
		{A4AEC544-D521-4CD4-9A8F-F6926DEFC233}.Release|Any CPU.ActiveCfg = Release|Any CPU
		{A4AEC544-D521-4CD4-9A8F-F6926DEFC233}.Release|Any CPU.Build.0 = Release|Any CPU
	EndGlobalSection
	GlobalSection(SolutionProperties) = preSolution
		HideSolutionNode = FALSE
	EndGlobalSection
	GlobalSection(ExtensibilityGlobals) = postSolution
		SolutionGuid = {4AB4112C-B48C-4CEA-90FE-B25ADDF9654E}
	EndGlobalSection
EndGlobal
