
Microsoft Visual Studio Solution File, Format Version 12.00
# Visual Studio Version 16
VisualStudioVersion = 16.0.30915.11
MinimumVisualStudioVersion = 10.0.40219.1
Project("{FAE04EC0-301F-11D3-BF4B-00C04F79EFBC}") = "PlaywrightSharp", "PlaywrightSharp\PlaywrightSharp.csproj", "{47B09717-25BB-4EC3-9C02-DFA06A082ED4}"
EndProject
Global
	GlobalSection(SolutionConfigurationPlatforms) = preSolution
		Debug|Any CPU = Debug|Any CPU
		Release|Any CPU = Release|Any CPU
	EndGlobalSection
	GlobalSection(ProjectConfigurationPlatforms) = postSolution
		{47B09717-25BB-4EC3-9C02-DFA06A082ED4}.Debug|Any CPU.ActiveCfg = Debug|Any CPU
		{47B09717-25BB-4EC3-9C02-DFA06A082ED4}.Debug|Any CPU.Build.0 = Debug|Any CPU
		{47B09717-25BB-4EC3-9C02-DFA06A082ED4}.Release|Any CPU.ActiveCfg = Release|Any CPU
		{47B09717-25BB-4EC3-9C02-DFA06A082ED4}.Release|Any CPU.Build.0 = Release|Any CPU
	EndGlobalSection
	GlobalSection(SolutionProperties) = preSolution
		HideSolutionNode = FALSE
	EndGlobalSection
	GlobalSection(ExtensibilityGlobals) = postSolution
		SolutionGuid = {C8B3E1A5-A365-4B20-9396-D74255F1A94E}
	EndGlobalSection
EndGlobal
